
Microsoft Visual Studio Solution File, Format Version 12.00
# Visual Studio Version 16
VisualStudioVersion = 16.0.30907.101
MinimumVisualStudioVersion = 10.0.40219.1
Project("{8BC9CEB8-8B4A-11D0-8D11-00A0C91BC942}") = "My_Debugger", "My_Debugger\My_Debugger.vcxproj", "{001E2ABF-B502-4B7A-BBDA-BA3658D2B195}"
EndProject
Global
	GlobalSection(SolutionConfigurationPlatforms) = preSolution
		Debug|x64 = Debug|x64
		Debug|x86 = Debug|x86
		Release|x64 = Release|x64
		Release|x86 = Release|x86
	EndGlobalSection
	GlobalSection(ProjectConfigurationPlatforms) = postSolution
		{001E2ABF-B502-4B7A-BBDA-BA3658D2B195}.Debug|x64.ActiveCfg = Debug|x64
		{001E2ABF-B502-4B7A-BBDA-BA3658D2B195}.Debug|x64.Build.0 = Debug|x64
		{001E2ABF-B502-4B7A-BBDA-BA3658D2B195}.Debug|x86.ActiveCfg = Debug|Win32
		{001E2ABF-B502-4B7A-BBDA-BA3658D2B195}.Debug|x86.Build.0 = Debug|Win32
		{001E2ABF-B502-4B7A-BBDA-BA3658D2B195}.Release|x64.ActiveCfg = Release|x64
		{001E2ABF-B502-4B7A-BBDA-BA3658D2B195}.Release|x64.Build.0 = Release|x64
		{001E2ABF-B502-4B7A-BBDA-BA3658D2B195}.Release|x86.ActiveCfg = Release|Win32
		{001E2ABF-B502-4B7A-BBDA-BA3658D2B195}.Release|x86.Build.0 = Release|Win32
	EndGlobalSection
	GlobalSection(SolutionProperties) = preSolution
		HideSolutionNode = FALSE
	EndGlobalSection
	GlobalSection(ExtensibilityGlobals) = postSolution
		SolutionGuid = {C3EF1782-9E8B-41D6-B4FC-54B963322493}
	EndGlobalSection
EndGlobal
